
Microsoft Visual Studio Solution File, Format Version 12.00
# Visual Studio Version 17
VisualStudioVersion = 17.14.36202.13 d17.14
MinimumVisualStudioVersion = 10.0.40219.1
Project("{FAE04EC0-301F-11D3-BF4B-00C04F79EFBC}") = "Pi-Plant", "Pi-Plant.csproj", "{91DFB926-500B-47CE-A5C7-FEA070515074}"
EndProject
Global
	GlobalSection(SolutionConfigurationPlatforms) = preSolution
		Debug|Any CPU = Debug|Any CPU
		Release|Any CPU = Release|Any CPU
	EndGlobalSection
	GlobalSection(ProjectConfigurationPlatforms) = postSolution
		{91DFB926-500B-47CE-A5C7-FEA070515074}.Debug|Any CPU.ActiveCfg = Debug|Any CPU
		{91DFB926-500B-47CE-A5C7-FEA070515074}.Debug|Any CPU.Build.0 = Debug|Any CPU
		{91DFB926-500B-47CE-A5C7-FEA070515074}.Release|Any CPU.ActiveCfg = Release|Any CPU
		{91DFB926-500B-47CE-A5C7-FEA070515074}.Release|Any CPU.Build.0 = Release|Any CPU
	EndGlobalSection
	GlobalSection(SolutionProperties) = preSolution
		HideSolutionNode = FALSE
	EndGlobalSection
	GlobalSection(ExtensibilityGlobals) = postSolution
		SolutionGuid = {7ABF1EF9-B523-4F1D-BA62-A1D54D5DEB9A}
	EndGlobalSection
EndGlobal
